
Microsoft Visual Studio Solution File, Format Version 12.00
# Visual Studio Version 17
VisualStudioVersion = 17.9.34728.123
MinimumVisualStudioVersion = 10.0.40219.1
Project("{FAE04EC0-301F-11D3-BF4B-00C04F79EFBC}") = "DummyWPF", "DummyWPF.csproj", "{98FEDA7F-1162-4F59-8550-DF517DB4FFBC}"
EndProject
Global
	GlobalSection(SolutionConfigurationPlatforms) = preSolution
		Debug|Any CPU = Debug|Any CPU
		Release|Any CPU = Release|Any CPU
	EndGlobalSection
	GlobalSection(ProjectConfigurationPlatforms) = postSolution
		{98FEDA7F-1162-4F59-8550-DF517DB4FFBC}.Debug|Any CPU.ActiveCfg = Debug|Any CPU
		{98FEDA7F-1162-4F59-8550-DF517DB4FFBC}.Debug|Any CPU.Build.0 = Debug|Any CPU
		{98FEDA7F-1162-4F59-8550-DF517DB4FFBC}.Release|Any CPU.ActiveCfg = Release|Any CPU
		{98FEDA7F-1162-4F59-8550-DF517DB4FFBC}.Release|Any CPU.Build.0 = Release|Any CPU
	EndGlobalSection
	GlobalSection(SolutionProperties) = preSolution
		HideSolutionNode = FALSE
	EndGlobalSection
	GlobalSection(ExtensibilityGlobals) = postSolution
		SolutionGuid = {EFECA080-6517-4DE9-815B-2A72EB4F1636}
	EndGlobalSection
EndGlobal
